
Microsoft Visual Studio Solution File, Format Version 12.00
# Visual Studio Version 16
VisualStudioVersion = 16.0.30114.105
MinimumVisualStudioVersion = 10.0.40219.1
Project("{FAE04EC0-301F-11D3-BF4B-00C04F79EFBC}") = "prog projekt 2", "prog projekt 2\prog projekt 2.csproj", "{11AB924C-23BD-4709-B54E-A30381617B39}"
EndProject
Global
	GlobalSection(SolutionConfigurationPlatforms) = preSolution
		Debug|Any CPU = Debug|Any CPU
		Release|Any CPU = Release|Any CPU
	EndGlobalSection
	GlobalSection(SolutionProperties) = preSolution
		HideSolutionNode = FALSE
	EndGlobalSection
	GlobalSection(ProjectConfigurationPlatforms) = postSolution
		{11AB924C-23BD-4709-B54E-A30381617B39}.Debug|Any CPU.ActiveCfg = Debug|Any CPU
		{11AB924C-23BD-4709-B54E-A30381617B39}.Debug|Any CPU.Build.0 = Debug|Any CPU
		{11AB924C-23BD-4709-B54E-A30381617B39}.Release|Any CPU.ActiveCfg = Release|Any CPU
		{11AB924C-23BD-4709-B54E-A30381617B39}.Release|Any CPU.Build.0 = Release|Any CPU
	EndGlobalSection
EndGlobal
